
Microsoft Visual Studio Solution File, Format Version 12.00
# Visual Studio Version 17
VisualStudioVersion = 17.3.32929.385
MinimumVisualStudioVersion = 10.0.40219.1
Project("{FAE04EC0-301F-11D3-BF4B-00C04F79EFBC}") = "APIGateway", "APIGateway\APIGateway.csproj", "{D538CCCA-EBF3-46F3-B267-E066D1300AA4}"
EndProject
Global
	GlobalSection(SolutionConfigurationPlatforms) = preSolution
		Debug|Any CPU = Debug|Any CPU
		Release|Any CPU = Release|Any CPU
	EndGlobalSection
	GlobalSection(ProjectConfigurationPlatforms) = postSolution
		{D538CCCA-EBF3-46F3-B267-E066D1300AA4}.Debug|Any CPU.ActiveCfg = Debug|Any CPU
		{D538CCCA-EBF3-46F3-B267-E066D1300AA4}.Debug|Any CPU.Build.0 = Debug|Any CPU
		{D538CCCA-EBF3-46F3-B267-E066D1300AA4}.Release|Any CPU.ActiveCfg = Release|Any CPU
		{D538CCCA-EBF3-46F3-B267-E066D1300AA4}.Release|Any CPU.Build.0 = Release|Any CPU
	EndGlobalSection
	GlobalSection(SolutionProperties) = preSolution
		HideSolutionNode = FALSE
	EndGlobalSection
	GlobalSection(ExtensibilityGlobals) = postSolution
		SolutionGuid = {A4E0E047-7A8D-40A5-9B13-F4CD9AB2230B}
	EndGlobalSection
EndGlobal
